{
  "nodes": {
    "dpanel": {
      "inputs": {
        "flake-utils": "flake-utils",
        "nixpkgs": "nixpkgs",
        "playwright": "playwright"
      },
      "locked": {
        "lastModified": 1769990844,
        "narHash": "sha256-X8ckutiA4cjvrwPmDU34POHyNH3pinaHzF0xkhGaY4E=",
        "owner": "Dogebox-WG",
        "repo": "dpanel",
        "rev": "70b058ea01636fea53403f8f914e761bcf0deb3a",
        "type": "github"
      },
      "original": {
        "owner": "Dogebox-WG",
        "repo": "dpanel",
        "type": "github"
      }
    },
    "flake-utils": {
      "inputs": {
        "systems": "systems"
      },
      "locked": {
        "lastModified": 1731533236,
        "narHash": "sha256-l0KFg5HjrsfsO/JpG+r7fRrqm12kzFHyUHqHCVpMMbI=",
        "owner": "numtide",
        "repo": "flake-utils",
        "rev": "11707dc2f618dd54ca8739b309ec4fc024de578b",
        "type": "github"
      },
      "original": {
        "owner": "numtide",
        "repo": "flake-utils",
        "type": "github"
      }
    },
    "flake-utils_2": {
      "inputs": {
        "systems": "systems_2"
      },
      "locked": {
        "lastModified": 1726560853,
        "narHash": "sha256-X6rJYSESBVr3hBoH0WbKE5KvhPU5bloyZ2L4K60/fPQ=",
        "owner": "numtide",
        "repo": "flake-utils",
        "rev": "c1dfcf08411b08f6b8615f7d8971a2bfa81d5e8a",
        "type": "github"
      },
      "original": {
        "owner": "numtide",
        "repo": "flake-utils",
        "type": "github"
      }
    },
    "flake-utils_3": {
      "inputs": {
        "systems": "systems_3"
      },
      "locked": {
        "lastModified": 1731533236,
        "narHash": "sha256-l0KFg5HjrsfsO/JpG+r7fRrqm12kzFHyUHqHCVpMMbI=",
        "owner": "numtide",
        "repo": "flake-utils",
        "rev": "11707dc2f618dd54ca8739b309ec4fc024de578b",
        "type": "github"
      },
      "original": {
        "owner": "numtide",
        "repo": "flake-utils",
        "type": "github"
      }
    },
    "nixpkgs": {
      "locked": {
        "lastModified": 1768621446,
        "narHash": "sha256-6YwHV1cjv6arXdF/PQc365h1j+Qje3Pydk501Rm4Q+4=",
        "owner": "NixOS",
        "repo": "nixpkgs",
        "rev": "72ac591e737060deab2b86d6952babd1f896d7c5",
        "type": "github"
      },
      "original": {
        "owner": "NixOS",
        "ref": "nixos-25.11",
        "repo": "nixpkgs",
        "type": "github"
      }
    },
    "nixpkgs_2": {
      "locked": {
        "lastModified": 0,
        "narHash": "sha256-u+rxA79a0lyhG+u+oPBRtTDtzz8kvkc9a6SWSt9ekVc=",
        "path": "/nix/store/0283cbhm47kd3lr9zmc5fvdrx9qkav8s-source",
        "type": "path"
      },
      "original": {
        "id": "nixpkgs",
        "type": "indirect"
      }
    },
    "nixpkgs_3": {
      "locked": {
        "lastModified": 1776067740,
        "narHash": "sha256-B35lpsqnSZwn1Lmz06BpwF7atPgFmUgw1l8KAV3zpVQ=",
        "owner": "NixOS",
        "repo": "nixpkgs",
        "rev": "7e495b747b51f95ae15e74377c5ce1fe69c1765f",
        "type": "github"
      },
      "original": {
        "owner": "NixOS",
        "ref": "nixos-25.11",
        "repo": "nixpkgs",
        "type": "github"
      }
    },
    "playwright": {
      "inputs": {
        "flake-utils": "flake-utils_2",
        "nixpkgs": "nixpkgs_2"
      },
      "locked": {
        "lastModified": 1744969290,
        "narHash": "sha256-8pMFEdOT83u4VAIbnGOfnHvv5jNfRqZOnYjtQJaXkTs=",
        "owner": "pietdevries94",
        "repo": "playwright-web-flake",
        "rev": "ceda34e26f2d0a939346c5d456afe69c9cf5250f",
        "type": "github"
      },
      "original": {
        "owner": "pietdevries94",
        "repo": "playwright-web-flake",
        "type": "github"
      }
    },
    "root": {
      "inputs": {
        "dpanel": "dpanel",
        "flake-utils": "flake-utils_3",
        "nixpkgs": "nixpkgs_3"
      }
    },
    "systems": {
      "locked": {
        "lastModified": 1681028828,
        "narHash": "sha256-Vy1rq5AaRuLzOxct8nz4T6wlgyUR7zLU309k9mBC768=",
        "owner": "nix-systems",
        "repo": "default",
        "rev": "da67096a3b9bf56a91d16901293e51ba5b49a27e",
        "type": "github"
      },
      "original": {
        "owner": "nix-systems",
        "repo": "default",
        "type": "github"
      }
    },
    "systems_2": {
      "locked": {
        "lastModified": 1681028828,
        "narHash": "sha256-Vy1rq5AaRuLzOxct8nz4T6wlgyUR7zLU309k9mBC768=",
        "owner": "nix-systems",
        "repo": "default",
        "rev": "da67096a3b9bf56a91d16901293e51ba5b49a27e",
        "type": "github"
      },
      "original": {
        "owner": "nix-systems",
        "repo": "default",
        "type": "github"
      }
    },
    "systems_3": {
      "locked": {
        "lastModified": 1681028828,
        "narHash": "sha256-Vy1rq5AaRuLzOxct8nz4T6wlgyUR7zLU309k9mBC768=",
        "owner": "nix-systems",
        "repo": "default",
        "rev": "da67096a3b9bf56a91d16901293e51ba5b49a27e",
        "type": "github"
      },
      "original": {
        "owner": "nix-systems",
        "repo": "default",
        "type": "github"
      }
    }
  },
  "root": "root",
  "version": 7
}
